
Microsoft Visual Studio Solution File, Format Version 12.00
# Visual Studio Version 17
VisualStudioVersion = 17.4.33103.184
MinimumVisualStudioVersion = 10.0.40219.1
Project("{9A19103F-16F7-4668-BE54-9A1E7A4F7556}") = "Vehicles.Infrastructure", "Vehicles.Infrastructure\Vehicles.Infrastructure.csproj", "{B5C76B42-8705-4077-8343-78856FA0F065}"
EndProject
Project("{9A19103F-16F7-4668-BE54-9A1E7A4F7556}") = "Vehicles.Api", "Vehicles.Api\Vehicles.Api.csproj", "{672B682F-5186-450C-BE59-FF9C524F7D4F}"
EndProject
Project("{9A19103F-16F7-4668-BE54-9A1E7A4F7556}") = "Vehicles.Application", "Vehicles.Application\Vehicles.Application.csproj", "{D860723B-1777-4098-9DF3-4506A49B16CB}"
EndProject
Global
	GlobalSection(SolutionConfigurationPlatforms) = preSolution
		Debug|Any CPU = Debug|Any CPU
		Release|Any CPU = Release|Any CPU
	EndGlobalSection
	GlobalSection(ProjectConfigurationPlatforms) = postSolution
		{B5C76B42-8705-4077-8343-78856FA0F065}.Debug|Any CPU.ActiveCfg = Debug|Any CPU
		{B5C76B42-8705-4077-8343-78856FA0F065}.Debug|Any CPU.Build.0 = Debug|Any CPU
		{B5C76B42-8705-4077-8343-78856FA0F065}.Release|Any CPU.ActiveCfg = Release|Any CPU
		{B5C76B42-8705-4077-8343-78856FA0F065}.Release|Any CPU.Build.0 = Release|Any CPU
		{672B682F-5186-450C-BE59-FF9C524F7D4F}.Debug|Any CPU.ActiveCfg = Debug|Any CPU
		{672B682F-5186-450C-BE59-FF9C524F7D4F}.Debug|Any CPU.Build.0 = Debug|Any CPU
		{672B682F-5186-450C-BE59-FF9C524F7D4F}.Release|Any CPU.ActiveCfg = Release|Any CPU
		{672B682F-5186-450C-BE59-FF9C524F7D4F}.Release|Any CPU.Build.0 = Release|Any CPU
		{D860723B-1777-4098-9DF3-4506A49B16CB}.Debug|Any CPU.ActiveCfg = Debug|Any CPU
		{D860723B-1777-4098-9DF3-4506A49B16CB}.Debug|Any CPU.Build.0 = Debug|Any CPU
		{D860723B-1777-4098-9DF3-4506A49B16CB}.Release|Any CPU.ActiveCfg = Release|Any CPU
		{D860723B-1777-4098-9DF3-4506A49B16CB}.Release|Any CPU.Build.0 = Release|Any CPU
	EndGlobalSection
	GlobalSection(SolutionProperties) = preSolution
		HideSolutionNode = FALSE
	EndGlobalSection
	GlobalSection(ExtensibilityGlobals) = postSolution
		SolutionGuid = {AA27030E-EF9E-4189-998E-BF41F1B74013}
	EndGlobalSection
EndGlobal
